<?xml version="1.0" encoding="utf-8"?>
<Project ToolsVersion="15.0" xmlns="http://schemas.microsoft.com/developer/msbuild/2003">
  <ItemGroup>
    <ClCompile Include="C:\Users\is40701.ITEC\Desktop\The-Modern-Cpp-Challenge-master\libs\PNGWriter\pngwriter.cc">
      <Filter>Source Files</Filter>
    </ClCompile>
  </ItemGroup>
  <ItemGroup>
    <ClInclude Include="C:\Users\is40701.ITEC\Desktop\The-Modern-Cpp-Challenge-master\libs\PNGWriter\pngwriter.h">
      <Filter>Header Files</Filter>
    </ClInclude>
  </ItemGroup>
  <ItemGroup>
    <CustomBuild Include="C:\Users\is40701.ITEC\Desktop\The-Modern-Cpp-Challenge-master\libs\PNGWriter\CMakeLists.txt" />
  </ItemGroup>
  <ItemGroup>
    <Filter Include="Header Files">
      <UniqueIdentifier>{4F1E505F-ADEF-3B1A-9268-DE528BCB4029}</UniqueIdentifier>
    </Filter>
    <Filter Include="Source Files">
      <UniqueIdentifier>{81014E01-CB4E-3500-9569-F5F89E1849BD}</UniqueIdentifier>
    </Filter>
  </ItemGroup>
</Project>
