Microsoft Visual Studio Solution File, Format Version 12.00
# Visual Studio 15
Project("{2150E333-8FDC-42A3-9474-1A3956D46DE8}") = "00.Libs", "00.Libs", "{366AE67B-B684-320E-A49E-466E6B72CAF1}"
EndProject
Project("{2150E333-8FDC-42A3-9474-1A3956D46DE8}") = "09.DataSerialization", "09.DataSerialization", "{EA13B5C7-4DFC-3C2D-884E-E35EDD0FA8FB}"
EndProject
Project("{2150E333-8FDC-42A3-9474-1A3956D46DE8}") = "CMakePredefinedTargets", "CMakePredefinedTargets", "{55BCBB80-ED01-3C83-9108-41E4964D2E9C}"
EndProject
Project("{8BC9CEB8-8B4A-11D0-8D11-00A0C91BC942}") = "ALL_BUILD", "ALL_BUILD.vcxproj", "{4CF21832-47C6-33C0-8252-CF66E0A7A932}"
	ProjectSection(ProjectDependencies) = postProject
		{9C39BB36-1F43-3652-8D7B-20A9CADD282B} = {9C39BB36-1F43-3652-8D7B-20A9CADD282B}
		{1BF86448-DA52-3B01-B731-1EAD6CF2BF70} = {1BF86448-DA52-3B01-B731-1EAD6CF2BF70}
	EndProjectSection
EndProject
Project("{8BC9CEB8-8B4A-11D0-8D11-00A0C91BC942}") = "FreeType", "..\..\libs\PDF-Writer\FreeType\FreeType.vcxproj", "{00526131-BEFD-364D-B9F1-3BB35E60506D}"
	ProjectSection(ProjectDependencies) = postProject
		{9C39BB36-1F43-3652-8D7B-20A9CADD282B} = {9C39BB36-1F43-3652-8D7B-20A9CADD282B}
	EndProjectSection
EndProject
Project("{8BC9CEB8-8B4A-11D0-8D11-00A0C91BC942}") = "INSTALL", "INSTALL.vcxproj", "{E79E4447-8B4F-3E0F-99DF-866160EA3F8E}"
	ProjectSection(ProjectDependencies) = postProject
		{4CF21832-47C6-33C0-8252-CF66E0A7A932} = {4CF21832-47C6-33C0-8252-CF66E0A7A932}
		{9C39BB36-1F43-3652-8D7B-20A9CADD282B} = {9C39BB36-1F43-3652-8D7B-20A9CADD282B}
	EndProjectSection
EndProject
Project("{8BC9CEB8-8B4A-11D0-8D11-00A0C91BC942}") = "LibAesgm", "..\..\libs\PDF-Writer\LibAesgm\LibAesgm.vcxproj", "{1A068BAA-4847-3667-9203-A6063250A9A8}"
	ProjectSection(ProjectDependencies) = postProject
		{9C39BB36-1F43-3652-8D7B-20A9CADD282B} = {9C39BB36-1F43-3652-8D7B-20A9CADD282B}
	EndProjectSection
EndProject
Project("{8BC9CEB8-8B4A-11D0-8D11-00A0C91BC942}") = "LibJpeg", "..\..\libs\PDF-Writer\LibJpeg\LibJpeg.vcxproj", "{75AABA6E-4396-314D-AE46-368265304651}"
	ProjectSection(ProjectDependencies) = postProject
		{9C39BB36-1F43-3652-8D7B-20A9CADD282B} = {9C39BB36-1F43-3652-8D7B-20A9CADD282B}
	EndProjectSection
EndProject
Project("{8BC9CEB8-8B4A-11D0-8D11-00A0C91BC942}") = "LibPng", "..\..\libs\PDF-Writer\LibPng\LibPng.vcxproj", "{10B86820-488F-341C-B245-C02A29954885}"
	ProjectSection(ProjectDependencies) = postProject
		{9C39BB36-1F43-3652-8D7B-20A9CADD282B} = {9C39BB36-1F43-3652-8D7B-20A9CADD282B}
	EndProjectSection
EndProject
Project("{8BC9CEB8-8B4A-11D0-8D11-00A0C91BC942}") = "LibTiff", "..\..\libs\PDF-Writer\LibTiff\LibTiff.vcxproj", "{87218DAD-C45B-3EEE-A71B-E2B6E765FE08}"
	ProjectSection(ProjectDependencies) = postProject
		{9C39BB36-1F43-3652-8D7B-20A9CADD282B} = {9C39BB36-1F43-3652-8D7B-20A9CADD282B}
	EndProjectSection
EndProject
Project("{8BC9CEB8-8B4A-11D0-8D11-00A0C91BC942}") = "PDFWriter", "..\..\libs\PDF-Writer\PDFWriter\PDFWriter.vcxproj", "{48D4C40A-6317-3837-BC27-590B42C3AB3B}"
	ProjectSection(ProjectDependencies) = postProject
		{00526131-BEFD-364D-B9F1-3BB35E60506D} = {00526131-BEFD-364D-B9F1-3BB35E60506D}
		{1A068BAA-4847-3667-9203-A6063250A9A8} = {1A068BAA-4847-3667-9203-A6063250A9A8}
		{75AABA6E-4396-314D-AE46-368265304651} = {75AABA6E-4396-314D-AE46-368265304651}
		{87218DAD-C45B-3EEE-A71B-E2B6E765FE08} = {87218DAD-C45B-3EEE-A71B-E2B6E765FE08}
		{9C39BB36-1F43-3652-8D7B-20A9CADD282B} = {9C39BB36-1F43-3652-8D7B-20A9CADD282B}
		{793A55B9-8370-3E8A-8749-9A285E84B6D2} = {793A55B9-8370-3E8A-8749-9A285E84B6D2}
	EndProjectSection
EndProject
Project("{8BC9CEB8-8B4A-11D0-8D11-00A0C91BC942}") = "ZERO_CHECK", "..\..\\ZERO_CHECK.vcxproj", "{9C39BB36-1F43-3652-8D7B-20A9CADD282B}"
	ProjectSection(ProjectDependencies) = postProject
	EndProjectSection
EndProject
Project("{8BC9CEB8-8B4A-11D0-8D11-00A0C91BC942}") = "ZipLib", "..\..\libs\ZipLib\ZipLib.vcxproj", "{0E75783D-E4E4-3631-BBA9-57FE4E6EDB9A}"
	ProjectSection(ProjectDependencies) = postProject
		{9C39BB36-1F43-3652-8D7B-20A9CADD282B} = {9C39BB36-1F43-3652-8D7B-20A9CADD282B}
		{6181F0F4-0321-3CEB-AB49-03CD5BADC0C1} = {6181F0F4-0321-3CEB-AB49-03CD5BADC0C1}
		{340E22F7-203C-3AB4-98EB-A632CE950B72} = {340E22F7-203C-3AB4-98EB-A632CE950B72}
		{CD71DAE4-654B-3EB4-A171-9827F6F9E421} = {CD71DAE4-654B-3EB4-A171-9827F6F9E421}
	EndProjectSection
EndProject
Project("{8BC9CEB8-8B4A-11D0-8D11-00A0C91BC942}") = "Zlib", "..\..\libs\PDF-Writer\ZLib\Zlib.vcxproj", "{793A55B9-8370-3E8A-8749-9A285E84B6D2}"
	ProjectSection(ProjectDependencies) = postProject
		{9C39BB36-1F43-3652-8D7B-20A9CADD282B} = {9C39BB36-1F43-3652-8D7B-20A9CADD282B}
	EndProjectSection
EndProject
Project("{8BC9CEB8-8B4A-11D0-8D11-00A0C91BC942}") = "bzip2", "..\..\libs\ZipLib\extlibs\bzip2\bzip2.vcxproj", "{6181F0F4-0321-3CEB-AB49-03CD5BADC0C1}"
	ProjectSection(ProjectDependencies) = postProject
		{9C39BB36-1F43-3652-8D7B-20A9CADD282B} = {9C39BB36-1F43-3652-8D7B-20A9CADD282B}
	EndProjectSection
EndProject
Project("{8BC9CEB8-8B4A-11D0-8D11-00A0C91BC942}") = "lzma", "..\..\libs\ZipLib\extlibs\lzma\lzma.vcxproj", "{340E22F7-203C-3AB4-98EB-A632CE950B72}"
	ProjectSection(ProjectDependencies) = postProject
		{9C39BB36-1F43-3652-8D7B-20A9CADD282B} = {9C39BB36-1F43-3652-8D7B-20A9CADD282B}
	EndProjectSection
EndProject
Project("{8BC9CEB8-8B4A-11D0-8D11-00A0C91BC942}") = "problem_77", "problem_77.vcxproj", "{1BF86448-DA52-3B01-B731-1EAD6CF2BF70}"
	ProjectSection(ProjectDependencies) = postProject
		{00526131-BEFD-364D-B9F1-3BB35E60506D} = {00526131-BEFD-364D-B9F1-3BB35E60506D}
		{1A068BAA-4847-3667-9203-A6063250A9A8} = {1A068BAA-4847-3667-9203-A6063250A9A8}
		{75AABA6E-4396-314D-AE46-368265304651} = {75AABA6E-4396-314D-AE46-368265304651}
		{10B86820-488F-341C-B245-C02A29954885} = {10B86820-488F-341C-B245-C02A29954885}
		{87218DAD-C45B-3EEE-A71B-E2B6E765FE08} = {87218DAD-C45B-3EEE-A71B-E2B6E765FE08}
		{48D4C40A-6317-3837-BC27-590B42C3AB3B} = {48D4C40A-6317-3837-BC27-590B42C3AB3B}
		{9C39BB36-1F43-3652-8D7B-20A9CADD282B} = {9C39BB36-1F43-3652-8D7B-20A9CADD282B}
		{0E75783D-E4E4-3631-BBA9-57FE4E6EDB9A} = {0E75783D-E4E4-3631-BBA9-57FE4E6EDB9A}
		{793A55B9-8370-3E8A-8749-9A285E84B6D2} = {793A55B9-8370-3E8A-8749-9A285E84B6D2}
		{6181F0F4-0321-3CEB-AB49-03CD5BADC0C1} = {6181F0F4-0321-3CEB-AB49-03CD5BADC0C1}
		{340E22F7-203C-3AB4-98EB-A632CE950B72} = {340E22F7-203C-3AB4-98EB-A632CE950B72}
		{CD71DAE4-654B-3EB4-A171-9827F6F9E421} = {CD71DAE4-654B-3EB4-A171-9827F6F9E421}
	EndProjectSection
EndProject
Project("{8BC9CEB8-8B4A-11D0-8D11-00A0C91BC942}") = "zlib", "..\..\libs\ZipLib\extlibs\zlib\zlib.vcxproj", "{CD71DAE4-654B-3EB4-A171-9827F6F9E421}"
	ProjectSection(ProjectDependencies) = postProject
		{9C39BB36-1F43-3652-8D7B-20A9CADD282B} = {9C39BB36-1F43-3652-8D7B-20A9CADD282B}
	EndProjectSection
EndProject
Global
	GlobalSection(SolutionConfigurationPlatforms) = preSolution
		Debug|Win32 = Debug|Win32
		Release|Win32 = Release|Win32
		MinSizeRel|Win32 = MinSizeRel|Win32
		RelWithDebInfo|Win32 = RelWithDebInfo|Win32
	EndGlobalSection
	GlobalSection(ProjectConfigurationPlatforms) = postSolution
		{4CF21832-47C6-33C0-8252-CF66E0A7A932}.Debug|Win32.ActiveCfg = Debug|Win32
		{4CF21832-47C6-33C0-8252-CF66E0A7A932}.Debug|Win32.Build.0 = Debug|Win32
		{4CF21832-47C6-33C0-8252-CF66E0A7A932}.Release|Win32.ActiveCfg = Release|Win32
		{4CF21832-47C6-33C0-8252-CF66E0A7A932}.Release|Win32.Build.0 = Release|Win32
		{4CF21832-47C6-33C0-8252-CF66E0A7A932}.MinSizeRel|Win32.ActiveCfg = MinSizeRel|Win32
		{4CF21832-47C6-33C0-8252-CF66E0A7A932}.MinSizeRel|Win32.Build.0 = MinSizeRel|Win32
		{4CF21832-47C6-33C0-8252-CF66E0A7A932}.RelWithDebInfo|Win32.ActiveCfg = RelWithDebInfo|Win32
		{4CF21832-47C6-33C0-8252-CF66E0A7A932}.RelWithDebInfo|Win32.Build.0 = RelWithDebInfo|Win32
		{00526131-BEFD-364D-B9F1-3BB35E60506D}.Debug|Win32.ActiveCfg = Debug|Win32
		{00526131-BEFD-364D-B9F1-3BB35E60506D}.Debug|Win32.Build.0 = Debug|Win32
		{00526131-BEFD-364D-B9F1-3BB35E60506D}.Release|Win32.ActiveCfg = Release|Win32
		{00526131-BEFD-364D-B9F1-3BB35E60506D}.Release|Win32.Build.0 = Release|Win32
		{00526131-BEFD-364D-B9F1-3BB35E60506D}.MinSizeRel|Win32.ActiveCfg = MinSizeRel|Win32
		{00526131-BEFD-364D-B9F1-3BB35E60506D}.MinSizeRel|Win32.Build.0 = MinSizeRel|Win32
		{00526131-BEFD-364D-B9F1-3BB35E60506D}.RelWithDebInfo|Win32.ActiveCfg = RelWithDebInfo|Win32
		{00526131-BEFD-364D-B9F1-3BB35E60506D}.RelWithDebInfo|Win32.Build.0 = RelWithDebInfo|Win32
		{E79E4447-8B4F-3E0F-99DF-866160EA3F8E}.Debug|Win32.ActiveCfg = Debug|Win32
		{E79E4447-8B4F-3E0F-99DF-866160EA3F8E}.Release|Win32.ActiveCfg = Release|Win32
		{E79E4447-8B4F-3E0F-99DF-866160EA3F8E}.MinSizeRel|Win32.ActiveCfg = MinSizeRel|Win32
		{E79E4447-8B4F-3E0F-99DF-866160EA3F8E}.RelWithDebInfo|Win32.ActiveCfg = RelWithDebInfo|Win32
		{1A068BAA-4847-3667-9203-A6063250A9A8}.Debug|Win32.ActiveCfg = Debug|Win32
		{1A068BAA-4847-3667-9203-A6063250A9A8}.Debug|Win32.Build.0 = Debug|Win32
		{1A068BAA-4847-3667-9203-A6063250A9A8}.Release|Win32.ActiveCfg = Release|Win32
		{1A068BAA-4847-3667-9203-A6063250A9A8}.Release|Win32.Build.0 = Release|Win32
		{1A068BAA-4847-3667-9203-A6063250A9A8}.MinSizeRel|Win32.ActiveCfg = MinSizeRel|Win32
		{1A068BAA-4847-3667-9203-A6063250A9A8}.MinSizeRel|Win32.Build.0 = MinSizeRel|Win32
		{1A068BAA-4847-3667-9203-A6063250A9A8}.RelWithDebInfo|Win32.ActiveCfg = RelWithDebInfo|Win32
		{1A068BAA-4847-3667-9203-A6063250A9A8}.RelWithDebInfo|Win32.Build.0 = RelWithDebInfo|Win32
		{75AABA6E-4396-314D-AE46-368265304651}.Debug|Win32.ActiveCfg = Debug|Win32
		{75AABA6E-4396-314D-AE46-368265304651}.Debug|Win32.Build.0 = Debug|Win32
		{75AABA6E-4396-314D-AE46-368265304651}.Release|Win32.ActiveCfg = Release|Win32
		{75AABA6E-4396-314D-AE46-368265304651}.Release|Win32.Build.0 = Release|Win32
		{75AABA6E-4396-314D-AE46-368265304651}.MinSizeRel|Win32.ActiveCfg = MinSizeRel|Win32
		{75AABA6E-4396-314D-AE46-368265304651}.MinSizeRel|Win32.Build.0 = MinSizeRel|Win32
		{75AABA6E-4396-314D-AE46-368265304651}.RelWithDebInfo|Win32.ActiveCfg = RelWithDebInfo|Win32
		{75AABA6E-4396-314D-AE46-368265304651}.RelWithDebInfo|Win32.Build.0 = RelWithDebInfo|Win32
		{10B86820-488F-341C-B245-C02A29954885}.Debug|Win32.ActiveCfg = Debug|Win32
		{10B86820-488F-341C-B245-C02A29954885}.Debug|Win32.Build.0 = Debug|Win32
		{10B86820-488F-341C-B245-C02A29954885}.Release|Win32.ActiveCfg = Release|Win32
		{10B86820-488F-341C-B245-C02A29954885}.Release|Win32.Build.0 = Release|Win32
		{10B86820-488F-341C-B245-C02A29954885}.MinSizeRel|Win32.ActiveCfg = MinSizeRel|Win32
		{10B86820-488F-341C-B245-C02A29954885}.MinSizeRel|Win32.Build.0 = MinSizeRel|Win32
		{10B86820-488F-341C-B245-C02A29954885}.RelWithDebInfo|Win32.ActiveCfg = RelWithDebInfo|Win32
		{10B86820-488F-341C-B245-C02A29954885}.RelWithDebInfo|Win32.Build.0 = RelWithDebInfo|Win32
		{87218DAD-C45B-3EEE-A71B-E2B6E765FE08}.Debug|Win32.ActiveCfg = Debug|Win32
		{87218DAD-C45B-3EEE-A71B-E2B6E765FE08}.Debug|Win32.Build.0 = Debug|Win32
		{87218DAD-C45B-3EEE-A71B-E2B6E765FE08}.Release|Win32.ActiveCfg = Release|Win32
		{87218DAD-C45B-3EEE-A71B-E2B6E765FE08}.Release|Win32.Build.0 = Release|Win32
		{87218DAD-C45B-3EEE-A71B-E2B6E765FE08}.MinSizeRel|Win32.ActiveCfg = MinSizeRel|Win32
		{87218DAD-C45B-3EEE-A71B-E2B6E765FE08}.MinSizeRel|Win32.Build.0 = MinSizeRel|Win32
		{87218DAD-C45B-3EEE-A71B-E2B6E765FE08}.RelWithDebInfo|Win32.ActiveCfg = RelWithDebInfo|Win32
		{87218DAD-C45B-3EEE-A71B-E2B6E765FE08}.RelWithDebInfo|Win32.Build.0 = RelWithDebInfo|Win32
		{48D4C40A-6317-3837-BC27-590B42C3AB3B}.Debug|Win32.ActiveCfg = Debug|Win32
		{48D4C40A-6317-3837-BC27-590B42C3AB3B}.Debug|Win32.Build.0 = Debug|Win32
		{48D4C40A-6317-3837-BC27-590B42C3AB3B}.Release|Win32.ActiveCfg = Release|Win32
		{48D4C40A-6317-3837-BC27-590B42C3AB3B}.Release|Win32.Build.0 = Release|Win32
		{48D4C40A-6317-3837-BC27-590B42C3AB3B}.MinSizeRel|Win32.ActiveCfg = MinSizeRel|Win32
		{48D4C40A-6317-3837-BC27-590B42C3AB3B}.MinSizeRel|Win32.Build.0 = MinSizeRel|Win32
		{48D4C40A-6317-3837-BC27-590B42C3AB3B}.RelWithDebInfo|Win32.ActiveCfg = RelWithDebInfo|Win32
		{48D4C40A-6317-3837-BC27-590B42C3AB3B}.RelWithDebInfo|Win32.Build.0 = RelWithDebInfo|Win32
		{9C39BB36-1F43-3652-8D7B-20A9CADD282B}.Debug|Win32.ActiveCfg = Debug|Win32
		{9C39BB36-1F43-3652-8D7B-20A9CADD282B}.Debug|Win32.Build.0 = Debug|Win32
		{9C39BB36-1F43-3652-8D7B-20A9CADD282B}.Release|Win32.ActiveCfg = Release|Win32
		{9C39BB36-1F43-3652-8D7B-20A9CADD282B}.Release|Win32.Build.0 = Release|Win32
		{9C39BB36-1F43-3652-8D7B-20A9CADD282B}.MinSizeRel|Win32.ActiveCfg = MinSizeRel|Win32
		{9C39BB36-1F43-3652-8D7B-20A9CADD282B}.MinSizeRel|Win32.Build.0 = MinSizeRel|Win32
		{9C39BB36-1F43-3652-8D7B-20A9CADD282B}.RelWithDebInfo|Win32.ActiveCfg = RelWithDebInfo|Win32
		{9C39BB36-1F43-3652-8D7B-20A9CADD282B}.RelWithDebInfo|Win32.Build.0 = RelWithDebInfo|Win32
		{0E75783D-E4E4-3631-BBA9-57FE4E6EDB9A}.Debug|Win32.ActiveCfg = Debug|Win32
		{0E75783D-E4E4-3631-BBA9-57FE4E6EDB9A}.Debug|Win32.Build.0 = Debug|Win32
		{0E75783D-E4E4-3631-BBA9-57FE4E6EDB9A}.Release|Win32.ActiveCfg = Release|Win32
		{0E75783D-E4E4-3631-BBA9-57FE4E6EDB9A}.Release|Win32.Build.0 = Release|Win32
		{0E75783D-E4E4-3631-BBA9-57FE4E6EDB9A}.MinSizeRel|Win32.ActiveCfg = MinSizeRel|Win32
		{0E75783D-E4E4-3631-BBA9-57FE4E6EDB9A}.MinSizeRel|Win32.Build.0 = MinSizeRel|Win32
		{0E75783D-E4E4-3631-BBA9-57FE4E6EDB9A}.RelWithDebInfo|Win32.ActiveCfg = RelWithDebInfo|Win32
		{0E75783D-E4E4-3631-BBA9-57FE4E6EDB9A}.RelWithDebInfo|Win32.Build.0 = RelWithDebInfo|Win32
		{793A55B9-8370-3E8A-8749-9A285E84B6D2}.Debug|Win32.ActiveCfg = Debug|Win32
		{793A55B9-8370-3E8A-8749-9A285E84B6D2}.Debug|Win32.Build.0 = Debug|Win32
		{793A55B9-8370-3E8A-8749-9A285E84B6D2}.Release|Win32.ActiveCfg = Release|Win32
		{793A55B9-8370-3E8A-8749-9A285E84B6D2}.Release|Win32.Build.0 = Release|Win32
		{793A55B9-8370-3E8A-8749-9A285E84B6D2}.MinSizeRel|Win32.ActiveCfg = MinSizeRel|Win32
		{793A55B9-8370-3E8A-8749-9A285E84B6D2}.MinSizeRel|Win32.Build.0 = MinSizeRel|Win32
		{793A55B9-8370-3E8A-8749-9A285E84B6D2}.RelWithDebInfo|Win32.ActiveCfg = RelWithDebInfo|Win32
		{793A55B9-8370-3E8A-8749-9A285E84B6D2}.RelWithDebInfo|Win32.Build.0 = RelWithDebInfo|Win32
		{6181F0F4-0321-3CEB-AB49-03CD5BADC0C1}.Debug|Win32.ActiveCfg = Debug|Win32
		{6181F0F4-0321-3CEB-AB49-03CD5BADC0C1}.Debug|Win32.Build.0 = Debug|Win32
		{6181F0F4-0321-3CEB-AB49-03CD5BADC0C1}.Release|Win32.ActiveCfg = Release|Win32
		{6181F0F4-0321-3CEB-AB49-03CD5BADC0C1}.Release|Win32.Build.0 = Release|Win32
		{6181F0F4-0321-3CEB-AB49-03CD5BADC0C1}.MinSizeRel|Win32.ActiveCfg = MinSizeRel|Win32
		{6181F0F4-0321-3CEB-AB49-03CD5BADC0C1}.MinSizeRel|Win32.Build.0 = MinSizeRel|Win32
		{6181F0F4-0321-3CEB-AB49-03CD5BADC0C1}.RelWithDebInfo|Win32.ActiveCfg = RelWithDebInfo|Win32
		{6181F0F4-0321-3CEB-AB49-03CD5BADC0C1}.RelWithDebInfo|Win32.Build.0 = RelWithDebInfo|Win32
		{340E22F7-203C-3AB4-98EB-A632CE950B72}.Debug|Win32.ActiveCfg = Debug|Win32
		{340E22F7-203C-3AB4-98EB-A632CE950B72}.Debug|Win32.Build.0 = Debug|Win32
		{340E22F7-203C-3AB4-98EB-A632CE950B72}.Release|Win32.ActiveCfg = Release|Win32
		{340E22F7-203C-3AB4-98EB-A632CE950B72}.Release|Win32.Build.0 = Release|Win32
		{340E22F7-203C-3AB4-98EB-A632CE950B72}.MinSizeRel|Win32.ActiveCfg = MinSizeRel|Win32
		{340E22F7-203C-3AB4-98EB-A632CE950B72}.MinSizeRel|Win32.Build.0 = MinSizeRel|Win32
		{340E22F7-203C-3AB4-98EB-A632CE950B72}.RelWithDebInfo|Win32.ActiveCfg = RelWithDebInfo|Win32
		{340E22F7-203C-3AB4-98EB-A632CE950B72}.RelWithDebInfo|Win32.Build.0 = RelWithDebInfo|Win32
		{1BF86448-DA52-3B01-B731-1EAD6CF2BF70}.Debug|Win32.ActiveCfg = Debug|Win32
		{1BF86448-DA52-3B01-B731-1EAD6CF2BF70}.Debug|Win32.Build.0 = Debug|Win32
		{1BF86448-DA52-3B01-B731-1EAD6CF2BF70}.Release|Win32.ActiveCfg = Release|Win32
		{1BF86448-DA52-3B01-B731-1EAD6CF2BF70}.Release|Win32.Build.0 = Release|Win32
		{1BF86448-DA52-3B01-B731-1EAD6CF2BF70}.MinSizeRel|Win32.ActiveCfg = MinSizeRel|Win32
		{1BF86448-DA52-3B01-B731-1EAD6CF2BF70}.MinSizeRel|Win32.Build.0 = MinSizeRel|Win32
		{1BF86448-DA52-3B01-B731-1EAD6CF2BF70}.RelWithDebInfo|Win32.ActiveCfg = RelWithDebInfo|Win32
		{1BF86448-DA52-3B01-B731-1EAD6CF2BF70}.RelWithDebInfo|Win32.Build.0 = RelWithDebInfo|Win32
		{CD71DAE4-654B-3EB4-A171-9827F6F9E421}.Debug|Win32.ActiveCfg = Debug|Win32
		{CD71DAE4-654B-3EB4-A171-9827F6F9E421}.Debug|Win32.Build.0 = Debug|Win32
		{CD71DAE4-654B-3EB4-A171-9827F6F9E421}.Release|Win32.ActiveCfg = Release|Win32
		{CD71DAE4-654B-3EB4-A171-9827F6F9E421}.Release|Win32.Build.0 = Release|Win32
		{CD71DAE4-654B-3EB4-A171-9827F6F9E421}.MinSizeRel|Win32.ActiveCfg = MinSizeRel|Win32
		{CD71DAE4-654B-3EB4-A171-9827F6F9E421}.MinSizeRel|Win32.Build.0 = MinSizeRel|Win32
		{CD71DAE4-654B-3EB4-A171-9827F6F9E421}.RelWithDebInfo|Win32.ActiveCfg = RelWithDebInfo|Win32
		{CD71DAE4-654B-3EB4-A171-9827F6F9E421}.RelWithDebInfo|Win32.Build.0 = RelWithDebInfo|Win32
	EndGlobalSection
	GlobalSection(NestedProjects) = preSolution
		{00526131-BEFD-364D-B9F1-3BB35E60506D} = {366AE67B-B684-320E-A49E-466E6B72CAF1}
		{1A068BAA-4847-3667-9203-A6063250A9A8} = {366AE67B-B684-320E-A49E-466E6B72CAF1}
		{75AABA6E-4396-314D-AE46-368265304651} = {366AE67B-B684-320E-A49E-466E6B72CAF1}
		{10B86820-488F-341C-B245-C02A29954885} = {366AE67B-B684-320E-A49E-466E6B72CAF1}
		{87218DAD-C45B-3EEE-A71B-E2B6E765FE08} = {366AE67B-B684-320E-A49E-466E6B72CAF1}
		{48D4C40A-6317-3837-BC27-590B42C3AB3B} = {366AE67B-B684-320E-A49E-466E6B72CAF1}
		{0E75783D-E4E4-3631-BBA9-57FE4E6EDB9A} = {366AE67B-B684-320E-A49E-466E6B72CAF1}
		{793A55B9-8370-3E8A-8749-9A285E84B6D2} = {366AE67B-B684-320E-A49E-466E6B72CAF1}
		{6181F0F4-0321-3CEB-AB49-03CD5BADC0C1} = {366AE67B-B684-320E-A49E-466E6B72CAF1}
		{340E22F7-203C-3AB4-98EB-A632CE950B72} = {366AE67B-B684-320E-A49E-466E6B72CAF1}
		{CD71DAE4-654B-3EB4-A171-9827F6F9E421} = {366AE67B-B684-320E-A49E-466E6B72CAF1}
		{1BF86448-DA52-3B01-B731-1EAD6CF2BF70} = {EA13B5C7-4DFC-3C2D-884E-E35EDD0FA8FB}
		{4CF21832-47C6-33C0-8252-CF66E0A7A932} = {55BCBB80-ED01-3C83-9108-41E4964D2E9C}
		{E79E4447-8B4F-3E0F-99DF-866160EA3F8E} = {55BCBB80-ED01-3C83-9108-41E4964D2E9C}
		{9C39BB36-1F43-3652-8D7B-20A9CADD282B} = {55BCBB80-ED01-3C83-9108-41E4964D2E9C}
	EndGlobalSection
	GlobalSection(ExtensibilityGlobals) = postSolution
		SolutionGuid = {D1BBE328-F0D5-39E2-996A-3D7860763C21}
	EndGlobalSection
	GlobalSection(ExtensibilityAddIns) = postSolution
	EndGlobalSection
EndGlobal
