Microsoft Visual Studio Solution File, Format Version 12.00
# Visual Studio 15
Project("{2150E333-8FDC-42A3-9474-1A3956D46DE8}") = "00.Libs", "00.Libs", "{366AE67B-B684-320E-A49E-466E6B72CAF1}"
EndProject
Project("{2150E333-8FDC-42A3-9474-1A3956D46DE8}") = "CMakePredefinedTargets", "CMakePredefinedTargets", "{55BCBB80-ED01-3C83-9108-41E4964D2E9C}"
EndProject
Project("{8BC9CEB8-8B4A-11D0-8D11-00A0C91BC942}") = "ALL_BUILD", "ALL_BUILD.vcxproj", "{4CF21832-47C6-33C0-8252-CF66E0A7A932}"
	ProjectSection(ProjectDependencies) = postProject
		{9C39BB36-1F43-3652-8D7B-20A9CADD282B} = {9C39BB36-1F43-3652-8D7B-20A9CADD282B}
		{0E75783D-E4E4-3631-BBA9-57FE4E6EDB9A} = {0E75783D-E4E4-3631-BBA9-57FE4E6EDB9A}
		{6181F0F4-0321-3CEB-AB49-03CD5BADC0C1} = {6181F0F4-0321-3CEB-AB49-03CD5BADC0C1}
		{340E22F7-203C-3AB4-98EB-A632CE950B72} = {340E22F7-203C-3AB4-98EB-A632CE950B72}
		{CD71DAE4-654B-3EB4-A171-9827F6F9E421} = {CD71DAE4-654B-3EB4-A171-9827F6F9E421}
	EndProjectSection
EndProject
Project("{8BC9CEB8-8B4A-11D0-8D11-00A0C91BC942}") = "INSTALL", "INSTALL.vcxproj", "{E79E4447-8B4F-3E0F-99DF-866160EA3F8E}"
	ProjectSection(ProjectDependencies) = postProject
		{4CF21832-47C6-33C0-8252-CF66E0A7A932} = {4CF21832-47C6-33C0-8252-CF66E0A7A932}
		{9C39BB36-1F43-3652-8D7B-20A9CADD282B} = {9C39BB36-1F43-3652-8D7B-20A9CADD282B}
	EndProjectSection
EndProject
Project("{8BC9CEB8-8B4A-11D0-8D11-00A0C91BC942}") = "ZERO_CHECK", "..\..\\ZERO_CHECK.vcxproj", "{9C39BB36-1F43-3652-8D7B-20A9CADD282B}"
	ProjectSection(ProjectDependencies) = postProject
	EndProjectSection
EndProject
Project("{8BC9CEB8-8B4A-11D0-8D11-00A0C91BC942}") = "ZipLib", "ZipLib.vcxproj", "{0E75783D-E4E4-3631-BBA9-57FE4E6EDB9A}"
	ProjectSection(ProjectDependencies) = postProject
		{9C39BB36-1F43-3652-8D7B-20A9CADD282B} = {9C39BB36-1F43-3652-8D7B-20A9CADD282B}
		{6181F0F4-0321-3CEB-AB49-03CD5BADC0C1} = {6181F0F4-0321-3CEB-AB49-03CD5BADC0C1}
		{340E22F7-203C-3AB4-98EB-A632CE950B72} = {340E22F7-203C-3AB4-98EB-A632CE950B72}
		{CD71DAE4-654B-3EB4-A171-9827F6F9E421} = {CD71DAE4-654B-3EB4-A171-9827F6F9E421}
	EndProjectSection
EndProject
Project("{8BC9CEB8-8B4A-11D0-8D11-00A0C91BC942}") = "bzip2", "extlibs\bzip2\bzip2.vcxproj", "{6181F0F4-0321-3CEB-AB49-03CD5BADC0C1}"
	ProjectSection(ProjectDependencies) = postProject
		{9C39BB36-1F43-3652-8D7B-20A9CADD282B} = {9C39BB36-1F43-3652-8D7B-20A9CADD282B}
	EndProjectSection
EndProject
Project("{8BC9CEB8-8B4A-11D0-8D11-00A0C91BC942}") = "lzma", "extlibs\lzma\lzma.vcxproj", "{340E22F7-203C-3AB4-98EB-A632CE950B72}"
	ProjectSection(ProjectDependencies) = postProject
		{9C39BB36-1F43-3652-8D7B-20A9CADD282B} = {9C39BB36-1F43-3652-8D7B-20A9CADD282B}
	EndProjectSection
EndProject
Project("{8BC9CEB8-8B4A-11D0-8D11-00A0C91BC942}") = "zlib", "extlibs\zlib\zlib.vcxproj", "{CD71DAE4-654B-3EB4-A171-9827F6F9E421}"
	ProjectSection(ProjectDependencies) = postProject
		{9C39BB36-1F43-3652-8D7B-20A9CADD282B} = {9C39BB36-1F43-3652-8D7B-20A9CADD282B}
	EndProjectSection
EndProject
Global
	GlobalSection(SolutionConfigurationPlatforms) = preSolution
		Debug|Win32 = Debug|Win32
		Release|Win32 = Release|Win32
		MinSizeRel|Win32 = MinSizeRel|Win32
		RelWithDebInfo|Win32 = RelWithDebInfo|Win32
	EndGlobalSection
	GlobalSection(ProjectConfigurationPlatforms) = postSolution
		{4CF21832-47C6-33C0-8252-CF66E0A7A932}.Debug|Win32.ActiveCfg = Debug|Win32
		{4CF21832-47C6-33C0-8252-CF66E0A7A932}.Debug|Win32.Build.0 = Debug|Win32
		{4CF21832-47C6-33C0-8252-CF66E0A7A932}.Release|Win32.ActiveCfg = Release|Win32
		{4CF21832-47C6-33C0-8252-CF66E0A7A932}.Release|Win32.Build.0 = Release|Win32
		{4CF21832-47C6-33C0-8252-CF66E0A7A932}.MinSizeRel|Win32.ActiveCfg = MinSizeRel|Win32
		{4CF21832-47C6-33C0-8252-CF66E0A7A932}.MinSizeRel|Win32.Build.0 = MinSizeRel|Win32
		{4CF21832-47C6-33C0-8252-CF66E0A7A932}.RelWithDebInfo|Win32.ActiveCfg = RelWithDebInfo|Win32
		{4CF21832-47C6-33C0-8252-CF66E0A7A932}.RelWithDebInfo|Win32.Build.0 = RelWithDebInfo|Win32
		{E79E4447-8B4F-3E0F-99DF-866160EA3F8E}.Debug|Win32.ActiveCfg = Debug|Win32
		{E79E4447-8B4F-3E0F-99DF-866160EA3F8E}.Release|Win32.ActiveCfg = Release|Win32
		{E79E4447-8B4F-3E0F-99DF-866160EA3F8E}.MinSizeRel|Win32.ActiveCfg = MinSizeRel|Win32
		{E79E4447-8B4F-3E0F-99DF-866160EA3F8E}.RelWithDebInfo|Win32.ActiveCfg = RelWithDebInfo|Win32
		{9C39BB36-1F43-3652-8D7B-20A9CADD282B}.Debug|Win32.ActiveCfg = Debug|Win32
		{9C39BB36-1F43-3652-8D7B-20A9CADD282B}.Debug|Win32.Build.0 = Debug|Win32
		{9C39BB36-1F43-3652-8D7B-20A9CADD282B}.Release|Win32.ActiveCfg = Release|Win32
		{9C39BB36-1F43-3652-8D7B-20A9CADD282B}.Release|Win32.Build.0 = Release|Win32
		{9C39BB36-1F43-3652-8D7B-20A9CADD282B}.MinSizeRel|Win32.ActiveCfg = MinSizeRel|Win32
		{9C39BB36-1F43-3652-8D7B-20A9CADD282B}.MinSizeRel|Win32.Build.0 = MinSizeRel|Win32
		{9C39BB36-1F43-3652-8D7B-20A9CADD282B}.RelWithDebInfo|Win32.ActiveCfg = RelWithDebInfo|Win32
		{9C39BB36-1F43-3652-8D7B-20A9CADD282B}.RelWithDebInfo|Win32.Build.0 = RelWithDebInfo|Win32
		{0E75783D-E4E4-3631-BBA9-57FE4E6EDB9A}.Debug|Win32.ActiveCfg = Debug|Win32
		{0E75783D-E4E4-3631-BBA9-57FE4E6EDB9A}.Debug|Win32.Build.0 = Debug|Win32
		{0E75783D-E4E4-3631-BBA9-57FE4E6EDB9A}.Release|Win32.ActiveCfg = Release|Win32
		{0E75783D-E4E4-3631-BBA9-57FE4E6EDB9A}.Release|Win32.Build.0 = Release|Win32
		{0E75783D-E4E4-3631-BBA9-57FE4E6EDB9A}.MinSizeRel|Win32.ActiveCfg = MinSizeRel|Win32
		{0E75783D-E4E4-3631-BBA9-57FE4E6EDB9A}.MinSizeRel|Win32.Build.0 = MinSizeRel|Win32
		{0E75783D-E4E4-3631-BBA9-57FE4E6EDB9A}.RelWithDebInfo|Win32.ActiveCfg = RelWithDebInfo|Win32
		{0E75783D-E4E4-3631-BBA9-57FE4E6EDB9A}.RelWithDebInfo|Win32.Build.0 = RelWithDebInfo|Win32
		{6181F0F4-0321-3CEB-AB49-03CD5BADC0C1}.Debug|Win32.ActiveCfg = Debug|Win32
		{6181F0F4-0321-3CEB-AB49-03CD5BADC0C1}.Debug|Win32.Build.0 = Debug|Win32
		{6181F0F4-0321-3CEB-AB49-03CD5BADC0C1}.Release|Win32.ActiveCfg = Release|Win32
		{6181F0F4-0321-3CEB-AB49-03CD5BADC0C1}.Release|Win32.Build.0 = Release|Win32
		{6181F0F4-0321-3CEB-AB49-03CD5BADC0C1}.MinSizeRel|Win32.ActiveCfg = MinSizeRel|Win32
		{6181F0F4-0321-3CEB-AB49-03CD5BADC0C1}.MinSizeRel|Win32.Build.0 = MinSizeRel|Win32
		{6181F0F4-0321-3CEB-AB49-03CD5BADC0C1}.RelWithDebInfo|Win32.ActiveCfg = RelWithDebInfo|Win32
		{6181F0F4-0321-3CEB-AB49-03CD5BADC0C1}.RelWithDebInfo|Win32.Build.0 = RelWithDebInfo|Win32
		{340E22F7-203C-3AB4-98EB-A632CE950B72}.Debug|Win32.ActiveCfg = Debug|Win32
		{340E22F7-203C-3AB4-98EB-A632CE950B72}.Debug|Win32.Build.0 = Debug|Win32
		{340E22F7-203C-3AB4-98EB-A632CE950B72}.Release|Win32.ActiveCfg = Release|Win32
		{340E22F7-203C-3AB4-98EB-A632CE950B72}.Release|Win32.Build.0 = Release|Win32
		{340E22F7-203C-3AB4-98EB-A632CE950B72}.MinSizeRel|Win32.ActiveCfg = MinSizeRel|Win32
		{340E22F7-203C-3AB4-98EB-A632CE950B72}.MinSizeRel|Win32.Build.0 = MinSizeRel|Win32
		{340E22F7-203C-3AB4-98EB-A632CE950B72}.RelWithDebInfo|Win32.ActiveCfg = RelWithDebInfo|Win32
		{340E22F7-203C-3AB4-98EB-A632CE950B72}.RelWithDebInfo|Win32.Build.0 = RelWithDebInfo|Win32
		{CD71DAE4-654B-3EB4-A171-9827F6F9E421}.Debug|Win32.ActiveCfg = Debug|Win32
		{CD71DAE4-654B-3EB4-A171-9827F6F9E421}.Debug|Win32.Build.0 = Debug|Win32
		{CD71DAE4-654B-3EB4-A171-9827F6F9E421}.Release|Win32.ActiveCfg = Release|Win32
		{CD71DAE4-654B-3EB4-A171-9827F6F9E421}.Release|Win32.Build.0 = Release|Win32
		{CD71DAE4-654B-3EB4-A171-9827F6F9E421}.MinSizeRel|Win32.ActiveCfg = MinSizeRel|Win32
		{CD71DAE4-654B-3EB4-A171-9827F6F9E421}.MinSizeRel|Win32.Build.0 = MinSizeRel|Win32
		{CD71DAE4-654B-3EB4-A171-9827F6F9E421}.RelWithDebInfo|Win32.ActiveCfg = RelWithDebInfo|Win32
		{CD71DAE4-654B-3EB4-A171-9827F6F9E421}.RelWithDebInfo|Win32.Build.0 = RelWithDebInfo|Win32
	EndGlobalSection
	GlobalSection(NestedProjects) = preSolution
		{0E75783D-E4E4-3631-BBA9-57FE4E6EDB9A} = {366AE67B-B684-320E-A49E-466E6B72CAF1}
		{6181F0F4-0321-3CEB-AB49-03CD5BADC0C1} = {366AE67B-B684-320E-A49E-466E6B72CAF1}
		{340E22F7-203C-3AB4-98EB-A632CE950B72} = {366AE67B-B684-320E-A49E-466E6B72CAF1}
		{CD71DAE4-654B-3EB4-A171-9827F6F9E421} = {366AE67B-B684-320E-A49E-466E6B72CAF1}
		{4CF21832-47C6-33C0-8252-CF66E0A7A932} = {55BCBB80-ED01-3C83-9108-41E4964D2E9C}
		{E79E4447-8B4F-3E0F-99DF-866160EA3F8E} = {55BCBB80-ED01-3C83-9108-41E4964D2E9C}
		{9C39BB36-1F43-3652-8D7B-20A9CADD282B} = {55BCBB80-ED01-3C83-9108-41E4964D2E9C}
	EndGlobalSection
	GlobalSection(ExtensibilityGlobals) = postSolution
		SolutionGuid = {A54A2B39-D6A7-3A4C-913B-F39F6054F634}
	EndGlobalSection
	GlobalSection(ExtensibilityAddIns) = postSolution
	EndGlobalSection
EndGlobal
