Microsoft Visual Studio Solution File, Format Version 12.00
# Visual Studio 15
Project("{2150E333-8FDC-42A3-9474-1A3956D46DE8}") = "00.Libs", "00.Libs", "{366AE67B-B684-320E-A49E-466E6B72CAF1}"
EndProject
Project("{2150E333-8FDC-42A3-9474-1A3956D46DE8}") = "12.NetworkingCloud", "12.NetworkingCloud", "{1A0F2744-6F81-31CC-93A0-B1A0BE39624F}"
EndProject
Project("{2150E333-8FDC-42A3-9474-1A3956D46DE8}") = "CMakePredefinedTargets", "CMakePredefinedTargets", "{55BCBB80-ED01-3C83-9108-41E4964D2E9C}"
EndProject
Project("{8BC9CEB8-8B4A-11D0-8D11-00A0C91BC942}") = "ALL_BUILD", "ALL_BUILD.vcxproj", "{4CF21832-47C6-33C0-8252-CF66E0A7A932}"
	ProjectSection(ProjectDependencies) = postProject
		{9C39BB36-1F43-3652-8D7B-20A9CADD282B} = {9C39BB36-1F43-3652-8D7B-20A9CADD282B}
		{672EFF2C-D8A4-399D-9E8E-59A2FF8EC0AB} = {672EFF2C-D8A4-399D-9E8E-59A2FF8EC0AB}
	EndProjectSection
EndProject
Project("{8BC9CEB8-8B4A-11D0-8D11-00A0C91BC942}") = "INSTALL", "INSTALL.vcxproj", "{E79E4447-8B4F-3E0F-99DF-866160EA3F8E}"
	ProjectSection(ProjectDependencies) = postProject
		{4CF21832-47C6-33C0-8252-CF66E0A7A932} = {4CF21832-47C6-33C0-8252-CF66E0A7A932}
		{9C39BB36-1F43-3652-8D7B-20A9CADD282B} = {9C39BB36-1F43-3652-8D7B-20A9CADD282B}
	EndProjectSection
EndProject
Project("{8BC9CEB8-8B4A-11D0-8D11-00A0C91BC942}") = "ZERO_CHECK", "..\..\\ZERO_CHECK.vcxproj", "{9C39BB36-1F43-3652-8D7B-20A9CADD282B}"
	ProjectSection(ProjectDependencies) = postProject
	EndProjectSection
EndProject
Project("{8BC9CEB8-8B4A-11D0-8D11-00A0C91BC942}") = "curlcpp", "..\..\libs\curlcpp\src\curlcpp.vcxproj", "{39095347-51FF-37FF-A8C7-2233CC4634F6}"
	ProjectSection(ProjectDependencies) = postProject
		{9C39BB36-1F43-3652-8D7B-20A9CADD282B} = {9C39BB36-1F43-3652-8D7B-20A9CADD282B}
	EndProjectSection
EndProject
Project("{8BC9CEB8-8B4A-11D0-8D11-00A0C91BC942}") = "libcurl", "..\..\libs\curl\lib\libcurl.vcxproj", "{0268E3D5-BB87-3308-AF4F-C2B8060A7B88}"
	ProjectSection(ProjectDependencies) = postProject
		{9C39BB36-1F43-3652-8D7B-20A9CADD282B} = {9C39BB36-1F43-3652-8D7B-20A9CADD282B}
	EndProjectSection
EndProject
Project("{8BC9CEB8-8B4A-11D0-8D11-00A0C91BC942}") = "problem_9a", "problem_9a.vcxproj", "{672EFF2C-D8A4-399D-9E8E-59A2FF8EC0AB}"
	ProjectSection(ProjectDependencies) = postProject
		{9C39BB36-1F43-3652-8D7B-20A9CADD282B} = {9C39BB36-1F43-3652-8D7B-20A9CADD282B}
		{39095347-51FF-37FF-A8C7-2233CC4634F6} = {39095347-51FF-37FF-A8C7-2233CC4634F6}
		{0268E3D5-BB87-3308-AF4F-C2B8060A7B88} = {0268E3D5-BB87-3308-AF4F-C2B8060A7B88}
	EndProjectSection
EndProject
Global
	GlobalSection(SolutionConfigurationPlatforms) = preSolution
		Debug|Win32 = Debug|Win32
		Release|Win32 = Release|Win32
		MinSizeRel|Win32 = MinSizeRel|Win32
		RelWithDebInfo|Win32 = RelWithDebInfo|Win32
	EndGlobalSection
	GlobalSection(ProjectConfigurationPlatforms) = postSolution
		{4CF21832-47C6-33C0-8252-CF66E0A7A932}.Debug|Win32.ActiveCfg = Debug|Win32
		{4CF21832-47C6-33C0-8252-CF66E0A7A932}.Debug|Win32.Build.0 = Debug|Win32
		{4CF21832-47C6-33C0-8252-CF66E0A7A932}.Release|Win32.ActiveCfg = Release|Win32
		{4CF21832-47C6-33C0-8252-CF66E0A7A932}.Release|Win32.Build.0 = Release|Win32
		{4CF21832-47C6-33C0-8252-CF66E0A7A932}.MinSizeRel|Win32.ActiveCfg = MinSizeRel|Win32
		{4CF21832-47C6-33C0-8252-CF66E0A7A932}.MinSizeRel|Win32.Build.0 = MinSizeRel|Win32
		{4CF21832-47C6-33C0-8252-CF66E0A7A932}.RelWithDebInfo|Win32.ActiveCfg = RelWithDebInfo|Win32
		{4CF21832-47C6-33C0-8252-CF66E0A7A932}.RelWithDebInfo|Win32.Build.0 = RelWithDebInfo|Win32
		{E79E4447-8B4F-3E0F-99DF-866160EA3F8E}.Debug|Win32.ActiveCfg = Debug|Win32
		{E79E4447-8B4F-3E0F-99DF-866160EA3F8E}.Release|Win32.ActiveCfg = Release|Win32
		{E79E4447-8B4F-3E0F-99DF-866160EA3F8E}.MinSizeRel|Win32.ActiveCfg = MinSizeRel|Win32
		{E79E4447-8B4F-3E0F-99DF-866160EA3F8E}.RelWithDebInfo|Win32.ActiveCfg = RelWithDebInfo|Win32
		{9C39BB36-1F43-3652-8D7B-20A9CADD282B}.Debug|Win32.ActiveCfg = Debug|Win32
		{9C39BB36-1F43-3652-8D7B-20A9CADD282B}.Debug|Win32.Build.0 = Debug|Win32
		{9C39BB36-1F43-3652-8D7B-20A9CADD282B}.Release|Win32.ActiveCfg = Release|Win32
		{9C39BB36-1F43-3652-8D7B-20A9CADD282B}.Release|Win32.Build.0 = Release|Win32
		{9C39BB36-1F43-3652-8D7B-20A9CADD282B}.MinSizeRel|Win32.ActiveCfg = MinSizeRel|Win32
		{9C39BB36-1F43-3652-8D7B-20A9CADD282B}.MinSizeRel|Win32.Build.0 = MinSizeRel|Win32
		{9C39BB36-1F43-3652-8D7B-20A9CADD282B}.RelWithDebInfo|Win32.ActiveCfg = RelWithDebInfo|Win32
		{9C39BB36-1F43-3652-8D7B-20A9CADD282B}.RelWithDebInfo|Win32.Build.0 = RelWithDebInfo|Win32
		{39095347-51FF-37FF-A8C7-2233CC4634F6}.Debug|Win32.ActiveCfg = Debug|Win32
		{39095347-51FF-37FF-A8C7-2233CC4634F6}.Debug|Win32.Build.0 = Debug|Win32
		{39095347-51FF-37FF-A8C7-2233CC4634F6}.Release|Win32.ActiveCfg = Release|Win32
		{39095347-51FF-37FF-A8C7-2233CC4634F6}.Release|Win32.Build.0 = Release|Win32
		{39095347-51FF-37FF-A8C7-2233CC4634F6}.MinSizeRel|Win32.ActiveCfg = MinSizeRel|Win32
		{39095347-51FF-37FF-A8C7-2233CC4634F6}.MinSizeRel|Win32.Build.0 = MinSizeRel|Win32
		{39095347-51FF-37FF-A8C7-2233CC4634F6}.RelWithDebInfo|Win32.ActiveCfg = RelWithDebInfo|Win32
		{39095347-51FF-37FF-A8C7-2233CC4634F6}.RelWithDebInfo|Win32.Build.0 = RelWithDebInfo|Win32
		{0268E3D5-BB87-3308-AF4F-C2B8060A7B88}.Debug|Win32.ActiveCfg = Debug|Win32
		{0268E3D5-BB87-3308-AF4F-C2B8060A7B88}.Debug|Win32.Build.0 = Debug|Win32
		{0268E3D5-BB87-3308-AF4F-C2B8060A7B88}.Release|Win32.ActiveCfg = Release|Win32
		{0268E3D5-BB87-3308-AF4F-C2B8060A7B88}.Release|Win32.Build.0 = Release|Win32
		{0268E3D5-BB87-3308-AF4F-C2B8060A7B88}.MinSizeRel|Win32.ActiveCfg = MinSizeRel|Win32
		{0268E3D5-BB87-3308-AF4F-C2B8060A7B88}.MinSizeRel|Win32.Build.0 = MinSizeRel|Win32
		{0268E3D5-BB87-3308-AF4F-C2B8060A7B88}.RelWithDebInfo|Win32.ActiveCfg = RelWithDebInfo|Win32
		{0268E3D5-BB87-3308-AF4F-C2B8060A7B88}.RelWithDebInfo|Win32.Build.0 = RelWithDebInfo|Win32
		{672EFF2C-D8A4-399D-9E8E-59A2FF8EC0AB}.Debug|Win32.ActiveCfg = Debug|Win32
		{672EFF2C-D8A4-399D-9E8E-59A2FF8EC0AB}.Debug|Win32.Build.0 = Debug|Win32
		{672EFF2C-D8A4-399D-9E8E-59A2FF8EC0AB}.Release|Win32.ActiveCfg = Release|Win32
		{672EFF2C-D8A4-399D-9E8E-59A2FF8EC0AB}.Release|Win32.Build.0 = Release|Win32
		{672EFF2C-D8A4-399D-9E8E-59A2FF8EC0AB}.MinSizeRel|Win32.ActiveCfg = MinSizeRel|Win32
		{672EFF2C-D8A4-399D-9E8E-59A2FF8EC0AB}.MinSizeRel|Win32.Build.0 = MinSizeRel|Win32
		{672EFF2C-D8A4-399D-9E8E-59A2FF8EC0AB}.RelWithDebInfo|Win32.ActiveCfg = RelWithDebInfo|Win32
		{672EFF2C-D8A4-399D-9E8E-59A2FF8EC0AB}.RelWithDebInfo|Win32.Build.0 = RelWithDebInfo|Win32
	EndGlobalSection
	GlobalSection(NestedProjects) = preSolution
		{39095347-51FF-37FF-A8C7-2233CC4634F6} = {366AE67B-B684-320E-A49E-466E6B72CAF1}
		{0268E3D5-BB87-3308-AF4F-C2B8060A7B88} = {366AE67B-B684-320E-A49E-466E6B72CAF1}
		{672EFF2C-D8A4-399D-9E8E-59A2FF8EC0AB} = {1A0F2744-6F81-31CC-93A0-B1A0BE39624F}
		{4CF21832-47C6-33C0-8252-CF66E0A7A932} = {55BCBB80-ED01-3C83-9108-41E4964D2E9C}
		{E79E4447-8B4F-3E0F-99DF-866160EA3F8E} = {55BCBB80-ED01-3C83-9108-41E4964D2E9C}
		{9C39BB36-1F43-3652-8D7B-20A9CADD282B} = {55BCBB80-ED01-3C83-9108-41E4964D2E9C}
	EndGlobalSection
	GlobalSection(ExtensibilityGlobals) = postSolution
		SolutionGuid = {958D015F-EAA7-32E4-AB26-CD8D94E80679}
	EndGlobalSection
	GlobalSection(ExtensibilityAddIns) = postSolution
	EndGlobalSection
EndGlobal
